
Microsoft Visual Studio Solution File, Format Version 12.00
# Visual Studio Version 16
VisualStudioVersion = 16.0.31229.75
MinimumVisualStudioVersion = 10.0.40219.1
Project("{FAE04EC0-301F-11D3-BF4B-00C04F79EFBC}") = "Diablo Launcher", "Diablo Launcher\Diablo Launcher.csproj", "{99C7AD03-ED91-43FD-8666-9AD597B7BE98}"
EndProject
Global
	GlobalSection(SolutionConfigurationPlatforms) = preSolution
		Debug|Any CPU = Debug|Any CPU
		Release|Any CPU = Release|Any CPU
	EndGlobalSection
	GlobalSection(ProjectConfigurationPlatforms) = postSolution
		{99C7AD03-ED91-43FD-8666-9AD597B7BE98}.Debug|Any CPU.ActiveCfg = Debug|Any CPU
		{99C7AD03-ED91-43FD-8666-9AD597B7BE98}.Debug|Any CPU.Build.0 = Debug|Any CPU
		{99C7AD03-ED91-43FD-8666-9AD597B7BE98}.Release|Any CPU.ActiveCfg = Release|Any CPU
		{99C7AD03-ED91-43FD-8666-9AD597B7BE98}.Release|Any CPU.Build.0 = Release|Any CPU
	EndGlobalSection
	GlobalSection(SolutionProperties) = preSolution
		HideSolutionNode = FALSE
	EndGlobalSection
	GlobalSection(ExtensibilityGlobals) = postSolution
		SolutionGuid = {80764088-952A-4805-ACE7-2C2A59345E6C}
	EndGlobalSection
EndGlobal
